
Microsoft Visual Studio Solution File, Format Version 12.00
# Visual Studio Version 17
VisualStudioVersion = 17.14.36518.9 d17.14
MinimumVisualStudioVersion = 10.0.40219.1
Project("{FAE04EC0-301F-11D3-BF4B-00C04F79EFBC}") = "Mztec.BlazorTarefas", "Mztec.BlazorTarefas\Mztec.BlazorTarefas\Mztec.BlazorTarefas.csproj", "{AD4A6B68-0885-41A2-8D12-6CD5EFBC95B1}"
EndProject
Project("{FAE04EC0-301F-11D3-BF4B-00C04F79EFBC}") = "Mztec.BlazorTarefas.Client", "Mztec.BlazorTarefas\Mztec.BlazorTarefas.Client\Mztec.BlazorTarefas.Client.csproj", "{DB20825D-2438-48CB-9BB2-27E78756A2AD}"
EndProject
Project("{FAE04EC0-301F-11D3-BF4B-00C04F79EFBC}") = "Mztec.BlazorTarefas.Shared", "Mztec.BlazorTarefas.Shared\Mztec.BlazorTarefas.Shared.csproj", "{AE0CFC94-2FB8-4D2A-8F3A-AEBE6B5F24E9}"
EndProject
Global
	GlobalSection(SolutionConfigurationPlatforms) = preSolution
		Debug|Any CPU = Debug|Any CPU
		Release|Any CPU = Release|Any CPU
	EndGlobalSection
	GlobalSection(ProjectConfigurationPlatforms) = postSolution
		{AD4A6B68-0885-41A2-8D12-6CD5EFBC95B1}.Debug|Any CPU.ActiveCfg = Debug|Any CPU
		{AD4A6B68-0885-41A2-8D12-6CD5EFBC95B1}.Debug|Any CPU.Build.0 = Debug|Any CPU
		{AD4A6B68-0885-41A2-8D12-6CD5EFBC95B1}.Release|Any CPU.ActiveCfg = Release|Any CPU
		{AD4A6B68-0885-41A2-8D12-6CD5EFBC95B1}.Release|Any CPU.Build.0 = Release|Any CPU
		{DB20825D-2438-48CB-9BB2-27E78756A2AD}.Debug|Any CPU.ActiveCfg = Debug|Any CPU
		{DB20825D-2438-48CB-9BB2-27E78756A2AD}.Debug|Any CPU.Build.0 = Debug|Any CPU
		{DB20825D-2438-48CB-9BB2-27E78756A2AD}.Release|Any CPU.ActiveCfg = Release|Any CPU
		{DB20825D-2438-48CB-9BB2-27E78756A2AD}.Release|Any CPU.Build.0 = Release|Any CPU
		{AE0CFC94-2FB8-4D2A-8F3A-AEBE6B5F24E9}.Debug|Any CPU.ActiveCfg = Debug|Any CPU
		{AE0CFC94-2FB8-4D2A-8F3A-AEBE6B5F24E9}.Debug|Any CPU.Build.0 = Debug|Any CPU
		{AE0CFC94-2FB8-4D2A-8F3A-AEBE6B5F24E9}.Release|Any CPU.ActiveCfg = Release|Any CPU
		{AE0CFC94-2FB8-4D2A-8F3A-AEBE6B5F24E9}.Release|Any CPU.Build.0 = Release|Any CPU
	EndGlobalSection
	GlobalSection(SolutionProperties) = preSolution
		HideSolutionNode = FALSE
	EndGlobalSection
	GlobalSection(ExtensibilityGlobals) = postSolution
		SolutionGuid = {3492C9CE-6975-4A54-B4DC-6B0BEA2CAC74}
	EndGlobalSection
EndGlobal
